
Microsoft Visual Studio Solution File, Format Version 12.00
# Visual Studio Version 17
VisualStudioVersion = 17.9.34723.18
MinimumVisualStudioVersion = 10.0.40219.1
Project("{FAE04EC0-301F-11D3-BF4B-00C04F79EFBC}") = "Assignment 2", "Assignment 2.csproj", "{1957C9A9-C48C-46FB-BC19-A1AE027A5FCB}"
EndProject
Global
	GlobalSection(SolutionConfigurationPlatforms) = preSolution
		Debug|Any CPU = Debug|Any CPU
		Release|Any CPU = Release|Any CPU
	EndGlobalSection
	GlobalSection(ProjectConfigurationPlatforms) = postSolution
		{1957C9A9-C48C-46FB-BC19-A1AE027A5FCB}.Debug|Any CPU.ActiveCfg = Debug|Any CPU
		{1957C9A9-C48C-46FB-BC19-A1AE027A5FCB}.Debug|Any CPU.Build.0 = Debug|Any CPU
		{1957C9A9-C48C-46FB-BC19-A1AE027A5FCB}.Release|Any CPU.ActiveCfg = Release|Any CPU
		{1957C9A9-C48C-46FB-BC19-A1AE027A5FCB}.Release|Any CPU.Build.0 = Release|Any CPU
	EndGlobalSection
	GlobalSection(SolutionProperties) = preSolution
		HideSolutionNode = FALSE
	EndGlobalSection
	GlobalSection(ExtensibilityGlobals) = postSolution
		SolutionGuid = {C1AFB72D-9985-443F-85E7-A8FBCD60183D}
	EndGlobalSection
EndGlobal
